cloud.google.com/go v0.26.0/go.mod h1:aQUYkXzVsufM+DwF1nBnkroQfletXgXwAqUqwHqrui=
github.com/bytedance/sonic v1.9.10 h1:QmWGXZGPsgWfseDL7EjwRwW8kxbs8j64E86qlc3Rsw=
github.com/bytedance/sonic v1.9.10/go.mod h1:iZcSUejLn5L+XWHhro8OqOneYQkoQQlNC4NAddress=
github.com/gabriel-vasile/mimetype v1.4.2 h1:w5qFW6JKBz9QmzabqCtp2c1VLe7ueOS/g2HE7N2Dqo=
github.com/gabriel-vasile/mimetype v1.4.2/go.mod h1:zAqh+inMnVSixNlc+a+NCvnD+yB/0soRbWFjNOiEjg=
github.com/gin-contrib/sse v0.1.0 h1:Y/yl/+YNO8GZSvPa8/goXAq9zJ3l3Pc0m5+0x88//8=
github.com/gin-contrib/sse v0.1.0/go.mod h1:RHrZQHXUP2zzJ7ConfvH5uyV1kypP9wB+BH34mr2AY=
github.com/gin-gonic/gin v1.9.1 h1:4idEAncQnU5cB7BeachG3J3X3ZfCeZ/79rYzu2ijXg=
github.com/gin-gonic/gin v1.9.1/go.mod h1:qwPWnhz6pn0Nrx7agoMmlC2Xs3LVbBaaglrF3dBkJ4=
github.com/go-playground/locales v0.14.1 h1:EWaQ/wswjilfKngqSRoC+iCWEJntO+3Fyx7oHOZruc=
github.com/go-playground/locales v0.14.1/go.mod h1:hxrqLVvrK65+Rwrd5Fc4PeGz9n0AC8qKeuzMVQUT/0=
github.com/go-playground/universal-translator v0.18.1 h1:Bcnm0ZwsGyWbxAxly3gJ91QcZQrXL9rYf4nwotjzro=
github.com/go-playground/universal-translator v0.18.1/go.mod h1:xO8axf6KstK8g7wptVD9o8PP6QhGTLD62OPPVqUnHw=
github.com/go-playground/validator/v10 v10.14.0 h1:vgvQWe3XCVnvAnS9V6ExwfoSo4IBiTwIEvhvJo2luQ=
github.com/go-playground/validator/v10 v10.14.0/go.mod h1:9iXMozeSLEjVmLsJ0lW4iVM6v2KewQdBtEnwIsD7VY=
github.com/goccy/go-json v0.10.2 h1:CqyvLmZ4h9IN4FCAr7xvDaWu4YuCDwpp+VyIAIVbKg=
github.com/goccy/go-json v0.10.2/go.mod h1:6MelEzfs81m48OjemuVLpB7LB5jFf/LGnRVI+l6Zx8=
github.com/golang/protobuf v1.5.0/go.mod h1:FsONVRAS9T7sI+LIWXJ9kqB+An8l2KqXds0bomxqXc=
github.com/google/go-cmp v0.5.5/go.mod h1:v8dTdLbMG2kIc/FSMpOSkJ0foXopQyqcrP2xDskcSo=
github.com/google/uuid v1.4.0 h1:MtMxsa51/r9yyhKyYlxHM7lkYAZHvnMfZuXQVSmIz8=
github.com/google/uuid v1.4.0/go.mod h1:TIyPZe4MgqvfeYDBFedMoGkdin5aG0ByQ5jYdOYEC0=
github.com/json-iterator/go v1.1.12 h1:PV8peI4a0ysnczrg+LtxykD8LfKY9ML6u2jnxSekg0=
github.com/json-iterator/go v1.1.12/go.mod h1:e30LSqwooZae7dTbl4j00LbjVda9Yayayh2nsSsqwA=
github.com/klauspost/cpuid/v2 v2.2.5 h1:0E5MSMDEoads7+85at2QkO1K/B8n3kCFhat/QJaiKc=
github.com/klauspost/cpuid/v2 v2.2.5/go.mod h1:Lcz8mBVL1SYtLAu+NtLR1FlDeUVtSm2zskAjF3t8Y0=
github.com/leodido/go-urn v1.2.4 h1:XlAE/cm/ms7TE/VMVoduSNM+5zoeckcFWZHkisom3QA=
github.com/leodido/go-urn v1.2.4/go.mod h1:7ZrI8mTSeBSHl/UaRyKQW1qZeMgak41ANeCNaVfJbg=
github.com/mattn/go-isatty v0.0.20 h1:xfD0iDjWLHt8tXEoZ7a0qSzl7/Bf/59B7K5kQPLtHQ=
github.com/mattn/go-isatty v0.0.20/go.mod h1:W+V8PltTTMOvKvAeJH7IuMeDTQb0LSiRQtjeWQh+9c=
github.com/modern-go/concurrent v0.0.0-20230330173713-942fedbb3226 h1:UW56+d1TgoKjYi7F67xtBVkBqJl6JNIi7E2PwNl5JQ=
github.com/modern-go/concurrent v0.0.0-20230330173713-942fedbb3226/go.mod h1:xRskid8CManxVta/13THzDKEk6Ch92aw1sFMV+0rOU=
github.com/modern-go/reflect2 v1.0.2 h1:xBagoLtFs94CBntxluKeaWgTMpvLxC4ur3nMaC9Zwc=
github.com/modern-go/reflect2 v1.0.2/go.mod h1:yWuevngMOJpCeKkxisEYzx42A0n5hZKHj0q4xLpYkI=
github.com/pelletier/go-toml/v2 v2.1.0 h1:FPr3dkJAryETmMGsvLEQO+QKcdysLmg5eVfluxF+fY=
github.com/pelletier/go-toml/v2 v2.1.0/go.mod h1:tJU2Z3ZkXwnNkgS1+lTfJYYkayGj+EtqfH7KPWnzGA=
github.com/prometheus/client_golang v1.17.0 h1:rl2sfUW2/J25O27aKC+c5-HfFUGaLc1lgo3ZWk5tsY=
github.com/prometheus/client_golang v1.17.0/go.mod h1:VeL+gAIfnFC34yemlc7lWFKcHX1u/4qWPCp7bp3QuQ=
github.com/prometheus/client_model v0.4.1-0.20230718164431-9a2bf3000d16 h1:v7DLhx+UPIVNrJjCyLfpoeVIKf6cNSTw4FZstNWulk=
github.com/prometheus/client_model v0.4.1-0.20230718164431-9a2bf3000d16/go.mod h1:oMQzElaFPgZ2f1qXTQT1t8SaflRBdc7gI3dcBccV4U=
github.com/prometheus/common v0.44.0 h1:+5BrQJwiBB9xsMygV+A/6ZcSWJav9 PugQagoXCLrrU=
github.com/prometheus/common v0.44.0/go.mod h1:ofAIvZbtQ1OjwIEQwFmMwB2Ftj1hefYhoMG8H/xMA=
github.com/prometheus/procfs v0.11.1 h1:xRC8Iq1yyca5t1m1WOzA0VSVo5UvERQpLqTLOWGZe0=
github.com/prometheus/procfs v0.11.1/go.mod h1:eesXgaPo3p9fO7hVkjEH1N8Fb3jDNTKdwvl0F2qwAA=
github.com/ugorji/go/codec v1.2.12 h1:9LC83zGpgKeD7OV7EwJidXGzlP5L7r5vJJcsnMmWsM=
github.com/ugorji/go/codec v1.2.12/go.mod h1:UNzjb3dgGkUV5rrCL0QHQs9rYiDgx5mTbrQ8xwdohY=
golang.org/x/arch v0.5.0 h1:jpGode6huayc8QJE4yNtQm6l4t4l0MKix5HQD1/CVo=
golang.org/x/arch v0.5.0/go.mod h1:5OXOZSfqPIIbmVBIyTLlUh6PjPw7FDJ0m45UjAV2J0=
golang.org/x/crypto v0.14.0 h1:wBqGXzWJW6DyC6A5u/hO4WbSHQjD4JSLvWQWQ5DprM=
golang.org/x/crypto v0.14.0/go.mod h1:MVFd36DqK94cqWucVJ8IM6HsOk00W+em6pjO51XQ88=
golang.org/x/net v0.17.0 h1:XsgZluLeTiWayTPw+lLHTaZ30I3XHUuo//sMsw+zME=
golang.org/x/net v0.17.0/go.mod h1:NxSsR5e3IaLUA3BXC031KxjaQS0c0yGaRCWpaZIsPY=
golang.org/x/sys v0.13.0 h1:Af8nKPmuFypiUBjVoU9V20FiaIV3/VGUrkO5FJs9QU=
golang.org/x/sys v0.13.0/go.mod h1:oPkhp1MJrh7nUepCax/m5Robust34+P7CubKvsSUsQ6M=
golang.org/x/text v0.13.0 h1:ablQoSUd0tRdKxZTOc/0wt3lspkla8eZLxQJoPK0/0=
golang.org/x/text v0.13.0/go.mod h1:TvPlkZv8dQlZAg35eSC+4qTtlAVtPL+61d6T7Xy88=
golang.org/x/xerrors v0.0.0-20191204190536-9bdfabe68543/go.mod h1:I/5z698sn9Ka8TeJc9MKroUUfqBBauWjQqLJ2OPfmY=
google.golang.org/genproto v0.0.0-20230711160842-782d3cfc46f5 h1:IJ8p+qUnptvAObul8+VPjP6k96wGGl+CUbE5MBGkUI=
google.golang.org/genproto v0.0.0-20230711160842-782d3cfc46f5/go.mod h1:0ll2r4/MZy9V4W0zCNr1aZa6m7qwMHL0H11+ZryYX0=
google.golang.org/grpc v1.59.0 h1:Z5Iec2pjwJ+0NQnnXvO6FSvnr1m50uYyhfkq3/mHJ0=
google.golang.org/grpc v1.59.0/go.mod h1:aUPDwccQo6OTjgh4ZsqmPc/IznachSFuNfU0HdQpj8=
google.golang.org/protobuf v1.31.0 h1:g0LDEJHgrVl8rj8ANqN+K6F51pDN7mD/y0DqhV3O60=
google.golang.org/protobuf v1.31.0/go.mod h1:HV8QlzoM/7+7rstucm/msSnUmvRbHiHug+lvr2E5Kw=
gopkg.in/yaml.v3 v3.0.1 h1:fxVm/GzuluF/kusFIamer/ItO8fPrRIkZqNSmGJ+gA=
gopkg.in/yaml.v3 v3.0.1/go.mod h1:K4uyk7z7BCEPqu6E+C64Yfv1cQ41KV245fn1owkeKI=
